{
  "name": "oso-rbac-sample",
  "version": "1.0.0",
  "lockfileVersion": 2,
  "requires": true,
  "packages": {
    "": {
      "version": "1.0.0",
      "license": "Apache-2.0",
      "dependencies": {
        "oso": "^0.20.1"
      }
    },
    "node_modules/oso": {
      "version": "0.20.1",
      "resolved": "https://registry.npmjs.org/oso/-/oso-0.20.1.tgz",
      "integrity": "sha512-LLXU+GlnX95nGGU21RX/vwAVIdZeZ73nlfHvkMcFpUeLMGARDSI8anKgZpOQ8JGMehQP10X3pdXFWnG1udMeCQ==",
      "bin": {
        "oso": "bin/repl.js"
      },
      "engines": {
        "node": ">=10",
        "npm": ">=6.4.1"
      }
    }
  },
  "dependencies": {
    "oso": {
      "version": "0.20.1",
      "resolved": "https://registry.npmjs.org/oso/-/oso-0.20.1.tgz",
      "integrity": "sha512-LLXU+GlnX95nGGU21RX/vwAVIdZeZ73nlfHvkMcFpUeLMGARDSI8anKgZpOQ8JGMehQP10X3pdXFWnG1udMeCQ=="
    }
  }
}
